// !$*UTF8*$!
{
	archiveVersion = 1;
	classes = {
	};
	objectVersion = 50;
	objects = {

/* Begin PBXBuildFile section */
		489047DF25ED740500DAD622 /* AppDelegate.swift in Sources */ = {isa = PBXBuildFile; fileRef = 489047DE25ED740500DAD622 /* AppDelegate.swift */; };
		489047E125ED740500DAD622 /* SceneDelegate.swift in Sources */ = {isa = PBXBuildFile; fileRef = 489047E025ED740500DAD622 /* SceneDelegate.swift */; };
		489047E625ED740500DAD622 /* Main.storyboard in Resources */ = {isa = PBXBuildFile; fileRef = 489047E425ED740500DAD622 /* Main.storyboard */; };
		489047E825ED740900DAD622 /* Assets.xcassets in Resources */ = {isa = PBXBuildFile; fileRef = 489047E725ED740900DAD622 /* Assets.xcassets */; };
		489047EB25ED740900DAD622 /* LaunchScreen.storyboard in Resources */ = {isa = PBXBuildFile; fileRef = 489047E925ED740900DAD622 /* LaunchScreen.storyboard */; };
		489047F925F1808F00DAD622 /* WeatherManager.swift in Sources */ = {isa = PBXBuildFile; fileRef = 489047F825F1808F00DAD622 /* WeatherManager.swift */; };
		489047FD25F180B700DAD622 /* WeatherData.swift in Sources */ = {isa = PBXBuildFile; fileRef = 489047FC25F180B700DAD622 /* WeatherData.swift */; };
		4890480025F180D100DAD622 /* WeatherModel.swift in Sources */ = {isa = PBXBuildFile; fileRef = 489047FF25F180D100DAD622 /* WeatherModel.swift */; };
		4890480425F1810A00DAD622 /* WeatherViewController.swift in Sources */ = {isa = PBXBuildFile; fileRef = 4890480325F1810A00DAD622 /* WeatherViewController.swift */; };
		4890480725F1813D00DAD622 /* dark_background.pdf in Resources */ = {isa = PBXBuildFile; fileRef = 4890480625F1813D00DAD622 /* dark_background.pdf */; };
		4890480A25F1814500DAD622 /* light_background.pdf in Resources */ = {isa = PBXBuildFile; fileRef = 4890480925F1814500DAD622 /* light_background.pdf */; };
/* End PBXBuildFile section */

/* Begin PBXFileReference section */
		489047DB25ED740500DAD622 /* Get Weather.app */ = {isa = PBXFileReference; explicitFileType = wrapper.application; includeInIndex = 0; path = "Get Weather.app"; sourceTree = BUILT_PRODUCTS_DIR; };
		489047DE25ED740500DAD622 /* AppDelegate.swift */ = {isa = PBXFileReference; lastKnownFileType = sourcecode.swift; path = AppDelegate.swift; sourceTree = "<group>"; };
		489047E025ED740500DAD622 /* SceneDelegate.swift */ = {isa = PBXFileReference; lastKnownFileType = sourcecode.swift; path = SceneDelegate.swift; sourceTree = "<group>"; };
		489047E525ED740500DAD622 /* Base */ = {isa = PBXFileReference; lastKnownFileType = file.storyboard; name = Base; path = Base.lproj/Main.storyboard; sourceTree = "<group>"; };
		489047E725ED740900DAD622 /* Assets.xcassets */ = {isa = PBXFileReference; lastKnownFileType = folder.assetcatalog; path = Assets.xcassets; sourceTree = "<group>"; };
		489047EA25ED740900DAD622 /* Base */ = {isa = PBXFileReference; lastKnownFileType = file.storyboard; name = Base; path = Base.lproj/LaunchScreen.storyboard; sourceTree = "<group>"; };
		489047EC25ED740900DAD622 /* Info.plist */ = {isa = PBXFileReference; lastKnownFileType = text.plist.xml; path = Info.plist; sourceTree = "<group>"; };
		489047F825F1808F00DAD622 /* WeatherManager.swift */ = {isa = PBXFileReference; lastKnownFileType = sourcecode.swift; path = WeatherManager.swift; sourceTree = "<group>"; };
		489047FC25F180B700DAD622 /* WeatherData.swift */ = {isa = PBXFileReference; lastKnownFileType = sourcecode.swift; path = WeatherData.swift; sourceTree = "<group>"; };
		489047FF25F180D100DAD622 /* WeatherModel.swift */ = {isa = PBXFileReference; lastKnownFileType = sourcecode.swift; path = WeatherModel.swift; sourceTree = "<group>"; };
		4890480325F1810A00DAD622 /* WeatherViewController.swift */ = {isa = PBXFileReference; lastKnownFileType = sourcecode.swift; path = WeatherViewController.swift; sourceTree = "<group>"; };
		4890480625F1813D00DAD622 /* dark_background.pdf */ = {isa = PBXFileReference; lastKnownFileType = image.pdf; name = dark_background.pdf; path = "../../../../../Downloads/Clima-iOS13-master/Clima/dark_background.pdf"; sourceTree = "<group>"; };
		4890480925F1814500DAD622 /* light_background.pdf */ = {isa = PBXFileReference; lastKnownFileType = image.pdf; name = light_background.pdf; path = "../../../../../Downloads/Clima-iOS13-master/Clima/light_background.pdf"; sourceTree = "<group>"; };
/* End PBXFileReference section */

/* Begin PBXFrameworksBuildPhase section */
		489047D825ED740500DAD622 /* Frameworks */ = {
			isa = PBXFrameworksBuildPhase;
			buildActionMask = 2147483647;
			files = (
			);
			runOnlyForDeploymentPostprocessing = 0;
		};
/* End PBXFrameworksBuildPhase section */

/* Begin PBXGroup section */
		489047D225ED740500DAD622 = {
			isa = PBXGroup;
			children = (
				489047DD25ED740500DAD622 /* Get Weather */,
				489047DC25ED740500DAD622 /* Products */,
			);
			sourceTree = "<group>";
		};
		489047DC25ED740500DAD622 /* Products */ = {
			isa = PBXGroup;
			children = (
				489047DB25ED740500DAD622 /* Get Weather.app */,
			);
			name = Products;
			sourceTree = "<group>";
		};
		489047DD25ED740500DAD622 /* Get Weather */ = {
			isa = PBXGroup;
			children = (
				489047DE25ED740500DAD622 /* AppDelegate.swift */,
				489047E025ED740500DAD622 /* SceneDelegate.swift */,
				489047F325ED741700DAD622 /* Model */,
				489047F425ED741C00DAD622 /* View */,
				489047F525ED742200DAD622 /* Controller */,
				489047E725ED740900DAD622 /* Assets.xcassets */,
				489047EC25ED740900DAD622 /* Info.plist */,
			);
			path = "Get Weather";
			sourceTree = "<group>";
		};
		489047F325ED741700DAD622 /* Model */ = {
			isa = PBXGroup;
			children = (
				489047F825F1808F00DAD622 /* WeatherManager.swift */,
				489047FC25F180B700DAD622 /* WeatherData.swift */,
				489047FF25F180D100DAD622 /* WeatherModel.swift */,
			);
			path = Model;
			sourceTree = "<group>";
		};
		489047F425ED741C00DAD622 /* View */ = {
			isa = PBXGroup;
			children = (
				489047E925ED740900DAD622 /* LaunchScreen.storyboard */,
				489047E425ED740500DAD622 /* Main.storyboard */,
				4890480625F1813D00DAD622 /* dark_background.pdf */,
				4890480925F1814500DAD622 /* light_background.pdf */,
			);
			path = View;
			sourceTree = "<group>";
		};
		489047F525ED742200DAD622 /* Controller */ = {
			isa = PBXGroup;
			children = (
				4890480325F1810A00DAD622 /* WeatherViewController.swift */,
			);
			path = Controller;
			sourceTree = "<group>";
		};
/* End PBXGroup section */

/* Begin PBXNativeTarget section */
		489047DA25ED740500DAD622 /* Get Weather */ = {
			isa = PBXNativeTarget;
			buildConfigurationList = 489047EF25ED740900DAD622 /* Build configuration list for PBXNativeTarget "Get Weather" */;
			buildPhases = (
				489047D725ED740500DAD622 /* Sources */,
				489047D825ED740500DAD622 /* Frameworks */,
				489047D925ED740500DAD622 /* Resources */,
			);
			buildRules = (
			);
			dependencies = (
			);
			name = "Get Weather";
			productName = "Get Weather";
			productReference = 489047DB25ED740500DAD622 /* Get Weather.app */;
			productType = "com.apple.product-type.application";
		};
/* End PBXNativeTarget section */

/* Begin PBXProject section */
		489047D325ED740500DAD622 /* Project object */ = {
			isa = PBXProject;
			attributes = {
				LastSwiftUpdateCheck = 1240;
				LastUpgradeCheck = 1240;
				TargetAttributes = {
					489047DA25ED740500DAD622 = {
						CreatedOnToolsVersion = 12.4;
					};
				};
			};
			buildConfigurationList = 489047D625ED740500DAD622 /* Build configuration list for PBXProject "Get Weather" */;
			compatibilityVersion = "Xcode 9.3";
			developmentRegion = en;
			hasScannedForEncodings = 0;
			knownRegions = (
				en,
				Base,
			);
			mainGroup = 489047D225ED740500DAD622;
			productRefGroup = 489047DC25ED740500DAD622 /* Products */;
			projectDirPath = "";
			projectRoot = "";
			targets = (
				489047DA25ED740500DAD622 /* Get Weather */,
			);
		};
/* End PBXProject section */

/* Begin PBXResourcesBuildPhase section */
		489047D925ED740500DAD622 /* Resources */ = {
			isa = PBXResourcesBuildPhase;
			buildActionMask = 2147483647;
			files = (
				4890480A25F1814500DAD622 /* light_background.pdf in Resources */,
				4890480725F1813D00DAD622 /* dark_background.pdf in Resources */,
				489047EB25ED740900DAD622 /* LaunchScreen.storyboard in Resources */,
				489047E825ED740900DAD622 /* Assets.xcassets in Resources */,
				489047E625ED740500DAD622 /* Main.storyboard in Resources */,
			);
			runOnlyForDeploymentPostprocessing = 0;
		};
/* End PBXResourcesBuildPhase section */

/* Begin PBXSourcesBuildPhase section */
		489047D725ED740500DAD622 /* Sources */ = {
			isa = PBXSourcesBuildPhase;
			buildActionMask = 2147483647;
			files = (
				489047FD25F180B700DAD622 /* WeatherData.swift in Sources */,
				4890480425F1810A00DAD622 /* WeatherViewController.swift in Sources */,
				489047DF25ED740500DAD622 /* AppDelegate.swift in Sources */,
				489047F925F1808F00DAD622 /* WeatherManager.swift in Sources */,
				4890480025F180D100DAD622 /* WeatherModel.swift in Sources */,
				489047E125ED740500DAD622 /* SceneDelegate.swift in Sources */,
			);
			runOnlyForDeploymentPostprocessing = 0;
		};
/* End PBXSourcesBuildPhase section */

/* Begin PBXVariantGroup section */
		489047E425ED740500DAD622 /* Main.storyboard */ = {
			isa = PBXVariantGroup;
			children = (
				489047E525ED740500DAD622 /* Base */,
			);
			name = Main.storyboard;
			sourceTree = "<group>";
		};
		489047E925ED740900DAD622 /* LaunchScreen.storyboard */ = {
			isa = PBXVariantGroup;
			children = (
				489047EA25ED740900DAD622 /* Base */,
			);
			name = LaunchScreen.storyboard;
			sourceTree = "<group>";
		};
/* End PBXVariantGroup section */

/* Begin XCBuildConfiguration section */
		489047ED25ED740900DAD622 /* Debug */ = {
			isa = XCBuildConfiguration;
			buildSettings = {
				ALWAYS_SEARCH_USER_PATHS = NO;
				CLANG_ANALYZER_NONNULL = YES;
				CLANG_ANALYZER_NUMBER_OBJECT_CONVERSION = YES_AGGRESSIVE;
				CLANG_CXX_LANGUAGE_STANDARD = "gnu++14";
				CLANG_CXX_LIBRARY = "libc++";
				CLANG_ENABLE_MODULES = YES;
				CLANG_ENABLE_OBJC_ARC = YES;
				CLANG_ENABLE_OBJC_WEAK = YES;
				CLANG_WARN_BLOCK_CAPTURE_AUTORELEASING = YES;
				CLANG_WARN_BOOL_CONVERSION = YES;
				CLANG_WARN_COMMA = YES;
				CLANG_WARN_CONSTANT_CONVERSION = YES;
				CLANG_WARN_DEPRECATED_OBJC_IMPLEMENTATIONS = YES;
				CLANG_WARN_DIRECT_OBJC_ISA_USAGE = YES_ERROR;
				CLANG_WARN_DOCUMENTATION_COMMENTS = YES;
				CLANG_WARN_EMPTY_BODY = YES;
				CLANG_WARN_ENUM_CONVERSION = YES;
				CLANG_WARN_INFINITE_RECURSION = YES;
				CLANG_WARN_INT_CONVERSION = YES;
				CLANG_WARN_NON_LITERAL_NULL_CONVERSION = YES;
				CLANG_WARN_OBJC_IMPLICIT_RETAIN_SELF = YES;
				CLANG_WARN_OBJC_LITERAL_CONVERSION = YES;
				CLANG_WARN_OBJC_ROOT_CLASS = YES_ERROR;
				CLANG_WARN_QUOTED_INCLUDE_IN_FRAMEWORK_HEADER = YES;
				CLANG_WARN_RANGE_LOOP_ANALYSIS = YES;
				CLANG_WARN_STRICT_PROTOTYPES = YES;
				CLANG_WARN_SUSPICIOUS_MOVE = YES;
				CLANG_WARN_UNGUARDED_AVAILABILITY = YES_AGGRESSIVE;
				CLANG_WARN_UNREACHABLE_CODE = YES;
				CLANG_WARN__DUPLICATE_METHOD_MATCH = YES;
				COPY_PHASE_STRIP = NO;
				DEBUG_INFORMATION_FORMAT = dwarf;
				ENABLE_STRICT_OBJC_MSGSEND = YES;
				ENABLE_TESTABILITY = YES;
				GCC_C_LANGUAGE_STANDARD = gnu11;
				GCC_DYNAMIC_NO_PIC = NO;
				GCC_NO_COMMON_BLOCKS = YES;
				GCC_OPTIMIZATION_LEVEL = 0;
				GCC_PREPROCESSOR_DEFINITIONS = (
					"DEBUG=1",
					"$(inherited)",
				);
				GCC_WARN_64_TO_32_BIT_CONVERSION = YES;
				GCC_WARN_ABOUT_RETURN_TYPE = YES_ERROR;
				GCC_WARN_UNDECLARED_SELECTOR = YES;
				GCC_WARN_UNINITIALIZED_AUTOS = YES_AGGRESSIVE;
				GCC_WARN_UNUSED_FUNCTION = YES;
				GCC_WARN_UNUSED_VARIABLE = YES;
				IPHONEOS_DEPLOYMENT_TARGET = 14.4;
				MTL_ENABLE_DEBUG_INFO = INCLUDE_SOURCE;
				MTL_FAST_MATH = YES;
				ONLY_ACTIVE_ARCH = YES;
				SDKROOT = iphoneos;
				SWIFT_ACTIVE_COMPILATION_CONDITIONS = DEBUG;
				SWIFT_OPTIMIZATION_LEVEL = "-Onone";
			};
			name = Debug;
		};
		489047EE25ED740900DAD622 /* Release */ = {
			isa = XCBuildConfiguration;
			buildSettings = {
				ALWAYS_SEARCH_USER_PATHS = NO;
				CLANG_ANALYZER_NONNULL = YES;
				CLANG_ANALYZER_NUMBER_OBJECT_CONVERSION = YES_AGGRESSIVE;
				CLANG_CXX_LANGUAGE_STANDARD = "gnu++14";
				CLANG_CXX_LIBRARY = "libc++";
				CLANG_ENABLE_MODULES = YES;
				CLANG_ENABLE_OBJC_ARC = YES;
				CLANG_ENABLE_OBJC_WEAK = YES;
				CLANG_WARN_BLOCK_CAPTURE_AUTORELEASING = YES;
				CLANG_WARN_BOOL_CONVERSION = YES;
				CLANG_WARN_COMMA = YES;
				CLANG_WARN_CONSTANT_CONVERSION = YES;
				CLANG_WARN_DEPRECATED_OBJC_IMPLEMENTATIONS = YES;
				CLANG_WARN_DIRECT_OBJC_ISA_USAGE = YES_ERROR;
				CLANG_WARN_DOCUMENTATION_COMMENTS = YES;
				CLANG_WARN_EMPTY_BODY = YES;
				CLANG_WARN_ENUM_CONVERSION = YES;
				CLANG_WARN_INFINITE_RECURSION = YES;
				CLANG_WARN_INT_CONVERSION = YES;
				CLANG_WARN_NON_LITERAL_NULL_CONVERSION = YES;
				CLANG_WARN_OBJC_IMPLICIT_RETAIN_SELF = YES;
				CLANG_WARN_OBJC_LITERAL_CONVERSION = YES;
				CLANG_WARN_OBJC_ROOT_CLASS = YES_ERROR;
				CLANG_WARN_QUOTED_INCLUDE_IN_FRAMEWORK_HEADER = YES;
				CLANG_WARN_RANGE_LOOP_ANALYSIS = YES;
				CLANG_WARN_STRICT_PROTOTYPES = YES;
				CLANG_WARN_SUSPICIOUS_MOVE = YES;
				CLANG_WARN_UNGUARDED_AVAILABILITY = YES_AGGRESSIVE;
				CLANG_WARN_UNREACHABLE_CODE = YES;
				CLANG_WARN__DUPLICATE_METHOD_MATCH = YES;
				COPY_PHASE_STRIP = NO;
				DEBUG_INFORMATION_FORMAT = "dwarf-with-dsym";
				ENABLE_NS_ASSERTIONS = NO;
				ENABLE_STRICT_OBJC_MSGSEND = YES;
				GCC_C_LANGUAGE_STANDARD = gnu11;
				GCC_NO_COMMON_BLOCKS = YES;
				GCC_WARN_64_TO_32_BIT_CONVERSION = YES;
				GCC_WARN_ABOUT_RETURN_TYPE = YES_ERROR;
				GCC_WARN_UNDECLARED_SELECTOR = YES;
				GCC_WARN_UNINITIALIZED_AUTOS = YES_AGGRESSIVE;
				GCC_WARN_UNUSED_FUNCTION = YES;
				GCC_WARN_UNUSED_VARIABLE = YES;
				IPHONEOS_DEPLOYMENT_TARGET = 14.4;
				MTL_ENABLE_DEBUG_INFO = NO;
				MTL_FAST_MATH = YES;
				SDKROOT = iphoneos;
				SWIFT_COMPILATION_MODE = wholemodule;
				SWIFT_OPTIMIZATION_LEVEL = "-O";
				VALIDATE_PRODUCT = YES;
			};
			name = Release;
		};
		489047F025ED740900DAD622 /* Debug */ = {
			isa = XCBuildConfiguration;
			buildSettings = {
				ASSETCATALOG_COMPILER_APPICON_NAME = AppIcon;
				ASSETCATALOG_COMPILER_GLOBAL_ACCENT_COLOR_NAME = AccentColor;
				CODE_SIGN_STYLE = Automatic;
				DEVELOPMENT_TEAM = 8D6A86YZH2;
				INFOPLIST_FILE = "Get Weather/Info.plist";
				LD_RUNPATH_SEARCH_PATHS = (
					"$(inherited)",
					"@executable_path/Frameworks",
				);
				PRODUCT_BUNDLE_IDENTIFIER = "JB.Get-Weather";
				PRODUCT_NAME = "$(TARGET_NAME)";
				SWIFT_VERSION = 5.0;
				TARGETED_DEVICE_FAMILY = "1,2";
			};
			name = Debug;
		};
		489047F125ED740900DAD622 /* Release */ = {
			isa = XCBuildConfiguration;
			buildSettings = {
				ASSETCATALOG_COMPILER_APPICON_NAME = AppIcon;
				ASSETCATALOG_COMPILER_GLOBAL_ACCENT_COLOR_NAME = AccentColor;
				CODE_SIGN_STYLE = Automatic;
				DEVELOPMENT_TEAM = 8D6A86YZH2;
				INFOPLIST_FILE = "Get Weather/Info.plist";
				LD_RUNPATH_SEARCH_PATHS = (
					"$(inherited)",
					"@executable_path/Frameworks",
				);
				PRODUCT_BUNDLE_IDENTIFIER = "JB.Get-Weather";
				PRODUCT_NAME = "$(TARGET_NAME)";
				SWIFT_VERSION = 5.0;
				TARGETED_DEVICE_FAMILY = "1,2";
			};
			name = Release;
		};
/* End XCBuildConfiguration section */

/* Begin XCConfigurationList section */
		489047D625ED740500DAD622 /* Build configuration list for PBXProject "Get Weather" */ = {
			isa = XCConfigurationList;
			buildConfigurations = (
				489047ED25ED740900DAD622 /* Debug */,
				489047EE25ED740900DAD622 /* Release */,
			);
			defaultConfigurationIsVisible = 0;
			defaultConfigurationName = Release;
		};
		489047EF25ED740900DAD622 /* Build configuration list for PBXNativeTarget "Get Weather" */ = {
			isa = XCConfigurationList;
			buildConfigurations = (
				489047F025ED740900DAD622 /* Debug */,
				489047F125ED740900DAD622 /* Release */,
			);
			defaultConfigurationIsVisible = 0;
			defaultConfigurationName = Release;
		};
/* End XCConfigurationList section */
	};
	rootObject = 489047D325ED740500DAD622 /* Project object */;
}
